schema: '2.0'
stages:
  add_reference_dates:
    cmd: uv run python -m churn_mlops.data.manipulation --input_csv
      customer_churn_dataset-training.csv --output_csv training.csv --start_date
      2023-01-01 --end_date 2025-12-01
    deps:
    - path: data/raw/customer_churn_dataset-training.csv
      hash: md5
      md5: a8d02f389b1e2a894b1decc4dfb658be
      size: 23448754
      isexec: true
    - path: pyproject.toml
      hash: md5
      md5: 36fee045fe2e5b5597b76a0d5f1acc45
      size: 1453
    - path: src/churn_mlops/config
      hash: md5
      md5: 89d8b7c45f4d0a459ff1318420317968.dir
      size: 29369
      nfiles: 15
    - path: src/churn_mlops/data
      hash: md5
      md5: 2c679c61d92c31289a2ba64043663db1.dir
      size: 99372
      nfiles: 26
    - path: uv.lock
      hash: md5
      md5: 36f55e5195bb0e1538c155d239f9f20a
      size: 377781
    outs:
    - path: data/raw/training.csv
      hash: md5
      md5: b3d704bdd954262ca30ab3aa2ce72057
      size: 28260531
  add_inference_reference_dates:
    cmd: uv run python -m churn_mlops.data.manipulation --input_csv
      customer_churn_dataset-inference.csv --output_csv inference.csv
      --start_date 2026-01-01 --end_date 2026-06-01
    deps:
    - path: data/raw/customer_churn_dataset-inference.csv
      hash: md5
      md5: 55289b95d9b4310f554778c725097c5b
      size: 3282220
      isexec: true
    - path: pyproject.toml
      hash: md5
      md5: 36fee045fe2e5b5597b76a0d5f1acc45
      size: 1453
    - path: src/churn_mlops/config
      hash: md5
      md5: 89d8b7c45f4d0a459ff1318420317968.dir
      size: 29369
      nfiles: 15
    - path: src/churn_mlops/data
      hash: md5
      md5: 2c679c61d92c31289a2ba64043663db1.dir
      size: 99372
      nfiles: 26
    - path: uv.lock
      hash: md5
      md5: 36f55e5195bb0e1538c155d239f9f20a
      size: 377781
    outs:
    - path: data/raw/inference.csv
      hash: md5
      md5: e204a8d9fb187d458c71108e3f752033
      size: 4054722
  prepare_partitioned_data:
    cmd: uv run churn-mlops prepare-data --input_csv training.csv
      --timestamp_column reference_date && uv run churn-mlops prepare-data
      --input_csv inference.csv --timestamp_column reference_date
    deps:
    - path: data/raw/inference.csv
      hash: md5
      md5: e204a8d9fb187d458c71108e3f752033
      size: 4054722
    - path: data/raw/training.csv
      hash: md5
      md5: b3d704bdd954262ca30ab3aa2ce72057
      size: 28260531
    - path: pyproject.toml
      hash: md5
      md5: 36fee045fe2e5b5597b76a0d5f1acc45
      size: 1453
    - path: src/churn_mlops/config
      hash: md5
      md5: 89d8b7c45f4d0a459ff1318420317968.dir
      size: 29369
      nfiles: 15
    - path: src/churn_mlops/data
      hash: md5
      md5: 2c679c61d92c31289a2ba64043663db1.dir
      size: 99372
      nfiles: 26
    - path: uv.lock
      hash: md5
      md5: 36f55e5195bb0e1538c155d239f9f20a
      size: 377781
    outs:
    - path: data/partitioned
      hash: md5
      md5: 260db69fe557fdeed01234a77606c4ce.dir
      size: 9453558
      nfiles: 42
  create_oot_split:
    cmd: uv run churn-mlops create-split --dataset_name partitioned
      --timestamp_column reference_date --start_date 2025-04-01 --split_date
      2026-04-01 --end_date 2026-06-30 --split_name OOT_26Q2
    deps:
    - path: data/partitioned
      hash: md5
      md5: 260db69fe557fdeed01234a77606c4ce.dir
      size: 9453558
      nfiles: 42
    - path: pyproject.toml
      hash: md5
      md5: 36fee045fe2e5b5597b76a0d5f1acc45
      size: 1453
    - path: src/churn_mlops/config
      hash: md5
      md5: 89d8b7c45f4d0a459ff1318420317968.dir
      size: 29369
      nfiles: 15
    - path: src/churn_mlops/data
      hash: md5
      md5: 2c679c61d92c31289a2ba64043663db1.dir
      size: 99372
      nfiles: 26
    - path: uv.lock
      hash: md5
      md5: 36f55e5195bb0e1538c155d239f9f20a
      size: 377781
    params:
      params.yaml:
        split:
          name: OOT_26Q2
          start_date: '2025-04-01'
          split_date: '2026-04-01'
          end_date: '2026-06-30'
    outs:
    - path: data/splits/OOT_26Q2.json
      hash: md5
      md5: b0b48a55077d82fb39e11ff5db747dd2
      size: 203
    - path: data/splits/OOT_26Q2_test.parquet
      hash: md5
      md5: 68d34592cd4c1004454590a36660f546
      size: 394426
    - path: data/splits/OOT_26Q2_train.parquet
      hash: md5
      md5: d342ef3d1c668f39289fd24497f025f7
      size: 1966768
  train_model:
    cmd: uv run churn-mlops train --config rf.yaml --split_name OOT_26Q2
      --exclude-columns customerid --experiment_name churn-12m-oot
      --register-model --no-promote-model
    deps:
    - path: data/splits/OOT_26Q2.json
      hash: md5
      md5: b0b48a55077d82fb39e11ff5db747dd2
      size: 203
    - path: data/splits/OOT_26Q2_test.parquet
      hash: md5
      md5: 68d34592cd4c1004454590a36660f546
      size: 394426
    - path: data/splits/OOT_26Q2_train.parquet
      hash: md5
      md5: d342ef3d1c668f39289fd24497f025f7
      size: 1966768
    - path: pyproject.toml
      hash: md5
      md5: 36fee045fe2e5b5597b76a0d5f1acc45
      size: 1453
    - path: src/churn_mlops
      hash: md5
      md5: 9247e8cbab9c834048e92642ebebee48.dir
      size: 625902
      nfiles: 129
    - path: src/config/rf.yaml
      hash: md5
      md5: 25fb06542f3371a0045d86cd1fb7264e
      size: 589
    - path: uv.lock
      hash: md5
      md5: 36f55e5195bb0e1538c155d239f9f20a
      size: 377781
    params:
      params.yaml:
        model.classifier: rf
        model.config: rf.yaml
        model.config_path: src/config/rf.yaml
        model.exclude_columns: customerid
        split.name: OOT_26Q2
        tracking.experiment_name: churn-12m-oot
    outs:
    - path: data/manifests/rf_OOT_26Q2.json
      hash: md5
      md5: 88418e6c27b5086ef91763ccb076a877
      size: 1705
  batch_predict_oot:
    cmd: uv run churn-mlops batch-predict --input_dataset
      splits/OOT_26Q2_test.parquet --output_dataset predictions/rf_OOT_26Q2
      --model_manifest manifests/rf_OOT_26Q2.json
    deps:
    - path: data/manifests/rf_OOT_26Q2.json
      hash: md5
      md5: 88418e6c27b5086ef91763ccb076a877
      size: 1705
    - path: data/splits/OOT_26Q2_test.parquet
      hash: md5
      md5: 68d34592cd4c1004454590a36660f546
      size: 394426
    - path: pyproject.toml
      hash: md5
      md5: 36fee045fe2e5b5597b76a0d5f1acc45
      size: 1453
    - path: src/churn_mlops
      hash: md5
      md5: 9247e8cbab9c834048e92642ebebee48.dir
      size: 625902
      nfiles: 129
    - path: uv.lock
      hash: md5
      md5: 36f55e5195bb0e1538c155d239f9f20a
      size: 377781
    params:
      params.yaml:
        model.classifier: rf
        split.name: OOT_26Q2
    outs:
    - path: data/predictions/rf_OOT_26Q2
      hash: md5
      md5: 6158ac86012fbff386bdd48b1bdbdd30.dir
      size: 739524
      nfiles: 3
