schema: '2.0'
stages:
  add_reference_dates:
    cmd: uv run python -m churn_mlops.data.manipulation --input_csv
      customer_churn_dataset-training.csv --output_csv training.csv --start_date
      2024-01-01 --end_date 2025-12-01
    deps:
    - path: data/raw/customer_churn_dataset-training.csv
      hash: md5
      md5: a8d02f389b1e2a894b1decc4dfb658be
      size: 23448754
      isexec: true
    - path: pyproject.toml
      hash: md5
      md5: be86757f1a877c56d54dd05c1eb70c4d
      size: 1432
    - path: src/churn_mlops/config
      hash: md5
      md5: 1e29553b2608cb2f5735d454c5bbfa86.dir
      size: 28838
      nfiles: 15
    - path: src/churn_mlops/data
      hash: md5
      md5: 655752ea2e1208a62010520cf8acea0f.dir
      size: 97494
      nfiles: 26
    - path: uv.lock
      hash: md5
      md5: 08a685b9bd5bd3bf4393fb0486644f26
      size: 376041
    outs:
    - path: data/raw/training.csv
      hash: md5
      md5: 09620dbb7290537b806b25285e84759e
      size: 28260531
  prepare_partitioned_data:
    cmd: uv run churn-mlops prepare-data --input_csv training.csv
      --timestamp_column reference_date && uv run churn-mlops prepare-data
      --input_csv inference.csv --timestamp_column reference_date
    deps:
    - path: data/raw/inference.csv
      hash: md5
      md5: e204a8d9fb187d458c71108e3f752033
      size: 4054722
    - path: data/raw/training.csv
      hash: md5
      md5: 09620dbb7290537b806b25285e84759e
      size: 28260531
    - path: pyproject.toml
      hash: md5
      md5: be86757f1a877c56d54dd05c1eb70c4d
      size: 1432
    - path: src/churn_mlops/config
      hash: md5
      md5: 1e29553b2608cb2f5735d454c5bbfa86.dir
      size: 28838
      nfiles: 15
    - path: src/churn_mlops/data
      hash: md5
      md5: 655752ea2e1208a62010520cf8acea0f.dir
      size: 97494
      nfiles: 26
    - path: uv.lock
      hash: md5
      md5: 08a685b9bd5bd3bf4393fb0486644f26
      size: 376041
    outs:
    - path: data/partitioned
      hash: md5
      md5: d1d761aaf19c8aa8c00b34970f421a28.dir
      size: 8724882
      nfiles: 30
  add_inference_reference_dates:
    cmd: uv run python -m churn_mlops.data.manipulation --input_csv
      customer_churn_dataset-inference.csv --output_csv inference.csv
      --start_date 2026-01-01 --end_date 2026-06-01
    deps:
    - path: data/raw/customer_churn_dataset-inference.csv
      hash: md5
      md5: 55289b95d9b4310f554778c725097c5b
      size: 3282220
      isexec: true
    - path: pyproject.toml
      hash: md5
      md5: be86757f1a877c56d54dd05c1eb70c4d
      size: 1432
    - path: src/churn_mlops/config
      hash: md5
      md5: 1e29553b2608cb2f5735d454c5bbfa86.dir
      size: 28838
      nfiles: 15
    - path: src/churn_mlops/data
      hash: md5
      md5: 655752ea2e1208a62010520cf8acea0f.dir
      size: 97494
      nfiles: 26
    - path: uv.lock
      hash: md5
      md5: 08a685b9bd5bd3bf4393fb0486644f26
      size: 376041
    outs:
    - path: data/raw/inference.csv
      hash: md5
      md5: e204a8d9fb187d458c71108e3f752033
      size: 4054722
  create_baseline_split:
    cmd: uv run churn-mlops create-split --dataset_name partitioned
      --timestamp_column reference_date --start_date 2024-01-01 --split_date
      2026-01-01 --end_date 2026-06-30 --split_name baseline
    deps:
    - path: data/partitioned
      hash: md5
      md5: d1d761aaf19c8aa8c00b34970f421a28.dir
      size: 8724882
      nfiles: 30
    - path: pyproject.toml
      hash: md5
      md5: be86757f1a877c56d54dd05c1eb70c4d
      size: 1432
    - path: src/churn_mlops/config
      hash: md5
      md5: 1e29553b2608cb2f5735d454c5bbfa86.dir
      size: 28838
      nfiles: 15
    - path: src/churn_mlops/data
      hash: md5
      md5: 655752ea2e1208a62010520cf8acea0f.dir
      size: 97494
      nfiles: 26
    - path: uv.lock
      hash: md5
      md5: 08a685b9bd5bd3bf4393fb0486644f26
      size: 376041
    outs:
    - path: data/splits/baseline_test.parquet
      hash: md5
      md5: 8f3b064c24d46a5d19980d2422116b83
      size: 781193
    - path: data/splits/baseline_train.parquet
      hash: md5
      md5: 7b33e412f25c89e2067bb90f82f58294
      size: 5312185
